
Microsoft Visual Studio Solution File, Format Version 12.00
# Visual Studio Version 17
VisualStudioVersion = 17.2.32616.157
MinimumVisualStudioVersion = 10.0.40219.1
Project("{FAE04EC0-301F-11D3-BF4B-00C04F79EFBC}") = "SampleLINQEval", "SampleLINQEval\SampleLINQEval.csproj", "{248B8892-DF5B-4E50-9A37-BEF61C801DE0}"
EndProject
Global
	GlobalSection(SolutionConfigurationPlatforms) = preSolution
		Debug|Any CPU = Debug|Any CPU
		Release|Any CPU = Release|Any CPU
	EndGlobalSection
	GlobalSection(ProjectConfigurationPlatforms) = postSolution
		{248B8892-DF5B-4E50-9A37-BEF61C801DE0}.Debug|Any CPU.ActiveCfg = Debug|Any CPU
		{248B8892-DF5B-4E50-9A37-BEF61C801DE0}.Debug|Any CPU.Build.0 = Debug|Any CPU
		{248B8892-DF5B-4E50-9A37-BEF61C801DE0}.Release|Any CPU.ActiveCfg = Release|Any CPU
		{248B8892-DF5B-4E50-9A37-BEF61C801DE0}.Release|Any CPU.Build.0 = Release|Any CPU
	EndGlobalSection
	GlobalSection(SolutionProperties) = preSolution
		HideSolutionNode = FALSE
	EndGlobalSection
	GlobalSection(ExtensibilityGlobals) = postSolution
		SolutionGuid = {40350B91-D192-4652-9818-0AB62018F1A6}
	EndGlobalSection
EndGlobal
